{
    "format_version":"0.1",
    "terraform_version":"1.0.0",
    "planned_values":{
       "outputs":{
          "id":{
             "sensitive":false
          }
       },
       "root_module":{
          "resources":[
             {
                "address":"random_id.id",
                "mode":"managed",
                "type":"random_id",
                "name":"id",
                "provider_name":"registry.terraform.io/hashicorp/random",
                "schema_version":0,
                "values":{
                   "byte_length":8,
                   "keepers":null,
                   "prefix":null
                }
             }
          ]
       }
    },
    "resource_changes":[
       {
          "address":"random_id.id",
          "mode":"managed",
          "type":"random_id",
          "name":"id",
          "provider_name":"registry.terraform.io/hashicorp/random",
          "change":{
             "actions":[
                "create"
             ],
             "before":null,
             "after":{
                "byte_length":8,
                "keepers":null,
                "prefix":null
             },
             "after_unknown":{
                "b64_std":true,
                "b64_url":true,
                "dec":true,
                "hex":true,
                "id":true
             },
             "before_sensitive":false,
             "after_sensitive":{
                
             }
          }
       }
    ],
    "output_changes":{
       "id":{
          "actions":[
             "create"
          ],
          "before":null,
          "after_unknown":true,
          "before_sensitive":false,
          "after_sensitive":false
       }
    },
    "configuration":{
       "provider_config":{
          "test":{
             "name":"test",
             "version_constraint":"~\u003e 3.1.0"
          }
       },
       "root_module":{
          "outputs":{
             "id":{
                "expression":{
                   "references":[
                      "random_id.id"
                   ]
                }
             }
          },
          "resources":[
             {
                "address":"random_id.id",
                "mode":"managed",
                "type":"random_id",
                "name":"id",
                "provider_config_key":"random",
                "expressions":{
                   "byte_length":{
                      "constant_value":8
                   }
                },
                "schema_version":0
             }
          ]
       }
    }
 }