{
  "version": 4,
  "terraform_version": "1.14.3",
  "serial": 2,
  "lineage": "c3dca065-be33-3d1f-2e74-777b3d9fc2fc",
  "outputs": {
    "drift_value": {
      "value": 880801,
      "type": "number"
    }
  },
  "resources": [
    {
      "mode": "managed",
      "type": "random_integer",
      "name": "drift_example",
      "provider": "provider[\"registry.terraform.io/hashicorp/random\"]",
      "instances": [
        {
          "schema_version": 0,
          "attributes": {
            "id": "880801",
            "keepers": null,
            "max": 1000000,
            "min": 1,
            "result": 880801,
            "seed": null
          },
          "sensitive_attributes": [],
          "identity_schema_version": 0
        }
      ]
    }
  ],
  "check_results": null
}
